# This file is autogenerated, do not edit; changes may be undone by the next 'dep ensure'.


[[projects]]
  digest = "1:27f10eb2e08b7187c21d318d9a587a1aa041f6f912399dd60bc8067748a945ea"
  name = "github.com/aws/aws-sdk-go"
  packages = [
    "aws",
    "aws/awserr",
    "aws/awsutil",
    "aws/client",
    "aws/client/metadata",
    "aws/corehandlers",
    "aws/credentials",
    "aws/credentials/ec2rolecreds",
    "aws/credentials/endpointcreds",
    "aws/credentials/processcreds",
    "aws/credentials/stscreds",
    "aws/csm",
    "aws/defaults",
    "aws/ec2metadata",
    "aws/endpoints",
    "aws/request",
    "aws/session",
    "aws/signer/v4",
    "internal/ini",
    "internal/s3err",
    "internal/sdkio",
    "internal/sdkrand",
    "internal/sdkuri",
    "internal/shareddefaults",
    "private/protocol",
    "private/protocol/eventstream",
    "private/protocol/eventstream/eventstreamapi",
    "private/protocol/query",
    "private/protocol/query/queryutil",
    "private/protocol/rest",
    "private/protocol/restxml",
    "private/protocol/xml/xmlutil",
    "service/s3",
    "service/sts",
  ]
  pruneopts = "UT"
  revision = "f778816ebd8f4a83264c207c77e6bcd0a5a76603"
  version = "v1.19.1"

[[projects]]
  digest = "1:bb81097a5b62634f3e9fec1014657855610c82d19b9a40c17612e32651e35dca"
  name = "github.com/jmespath/go-jmespath"
  packages = ["."]
  pruneopts = "UT"
  revision = "c2b33e84"

[[projects]]
  branch = "crontab"
  digest = "1:8fed4897db266eca7c4a5d684055728d04b84965e9a568d5de63299e2b86dd1f"
  name = "github.com/jpillora/overseer"
  packages = [
    ".",
    "fetcher",
  ]
  pruneopts = "UT"
  revision = "3ad03f14f3370efefe389cc16c73bad47c378caa"
  source = "github.com/moisespsena-go/overseer"

[[projects]]
  branch = "master"
  digest = "1:f433da6fbabb0bd1bd730fd340782015c644123d02eb78c20c69ce03352daad1"
  name = "github.com/kardianos/osext"
  packages = ["."]
  pruneopts = "UT"
  revision = "2bc1f35cddc0cc527b4bc3dce8578fc2a6c11384"

[[projects]]
  digest = "1:5d231480e1c64a726869bc4142d270184c419749d34f167646baa21008eb0a79"
  name = "github.com/mitchellh/go-homedir"
  packages = ["."]
  pruneopts = "UT"
  revision = "af06845cf3004701891bf4fdb884bfe4920b3727"
  version = "v1.1.0"

[[projects]]
  branch = "master"
  digest = "1:1084fb40df5b61b53f6efe3f6080a63b511d345f78934a0a277ca1dc043cc328"
  name = "github.com/moisespsena-go/task"
  packages = ["."]
  pruneopts = "UT"
  revision = "40907444d35260b0ec04f1850edba9d5355688c9"

[[projects]]
  branch = "master"
  digest = "1:0144bb6e184bfaa98136ae7687a79cb493aa46301052f51e0c1a821ab40e0e55"
  name = "github.com/moisespsena-go/default-logger"
  packages = ["."]
  pruneopts = "UT"
  revision = "8f84564a807ebf5d08a4cfc38ddc06b87fd9e5b1"

[[projects]]
  branch = "master"
  digest = "1:9503135a30a108890c68d15a4bed816a4d2a4058f7d7ea136d516b19966d2c02"
  name = "github.com/moisespsena-go/error-wrap"
  packages = ["."]
  pruneopts = "UT"
  revision = "7e8df00a35080dff30e766ff640b1be4e7870304"

[[projects]]
  branch = "master"
  digest = "1:721fd84b39c36063ca1cb828749e5b1e6b322cf41f0092ceb1309e56158c3d77"
  name = "github.com/moisespsena-go/path-helpers"
  packages = ["."]
  pruneopts = "UT"
  revision = "886e2ca0ba2e7f95543fb0e52d208c16a87b1b79"

[[projects]]
  digest = "1:5b3b29ce0e569f62935d9541dff2e16cc09df981ebde48e82259076a73a3d0c7"
  name = "github.com/op/go-logging"
  packages = ["."]
  pruneopts = "UT"
  revision = "b2cb9fa56473e98db8caba80237377e83fe44db5"
  version = "v1"

[[projects]]
  branch = "master"
  digest = "1:3f293bba019cd25020236b8ed708f13bccded35562d9d351355573813997909f"
  name = "github.com/phayes/permbits"
  packages = ["."]
  pruneopts = "UT"
  revision = "1efae4548023f60d7a172fead76cccf194cf45de"

[[projects]]
  digest = "1:ed615c5430ecabbb0fb7629a182da65ecee6523900ac1ac932520860878ffcad"
  name = "github.com/robfig/cron"
  packages = ["."]
  pruneopts = "UT"
  revision = "b41be1df696709bb6395fe435af20370037c0b4c"
  version = "v1.1"

[solve-meta]
  analyzer-name = "dep"
  analyzer-version = 1
  input-imports = [
    "github.com/jpillora/overseer",
    "github.com/jpillora/overseer/fetcher",
    "github.com/moisespsena-go/task",
  ]
  solver-name = "gps-cdcl"
  solver-version = 1
